// !$*UTF8*$!
{
	archiveVersion = 1;
	classes = {
	};
	objectVersion = 46;
	objects = {

/* Begin PBXBuildFile section */
		84D0A5961F61170D00011027 /* main.m in Sources */ = {isa = PBXBuildFile; fileRef = 84D0A5951F61170D00011027 /* main.m */; };
		84D0A5991F61170D00011027 /* AppDelegate.m in Sources */ = {isa = PBXBuildFile; fileRef = 84D0A5981F61170D00011027 /* AppDelegate.m */; };
		84D0A59C1F61170D00011027 /* ViewController.m in Sources */ = {isa = PBXBuildFile; fileRef = 84D0A59B1F61170D00011027 /* ViewController.m */; };
		84D0A59F1F61170D00011027 /* Main.storyboard in Resources */ = {isa = PBXBuildFile; fileRef = 84D0A59D1F61170D00011027 /* Main.storyboard */; };
		84D0A5A11F61170D00011027 /* Assets.xcassets in Resources */ = {isa = PBXBuildFile; fileRef = 84D0A5A01F61170D00011027 /* Assets.xcassets */; };
		84D0A5A41F61170D00011027 /* LaunchScreen.storyboard in Resources */ = {isa = PBXBuildFile; fileRef = 84D0A5A21F61170D00011027 /* LaunchScreen.storyboard */; };
		84D0A5AF1F61170D00011027 /* GCD_______Tests.m in Sources */ = {isa = PBXBuildFile; fileRef = 84D0A5AE1F61170D00011027 /* GCD_______Tests.m */; };
		84D0A5BA1F61170E00011027 /* GCD_______UITests.m in Sources */ = {isa = PBXBuildFile; fileRef = 84D0A5B91F61170E00011027 /* GCD_______UITests.m */; };
/* End PBXBuildFile section */

/* Begin PBXContainerItemProxy section */
		84D0A5AB1F61170D00011027 /* PBXContainerItemProxy */ = {
			isa = PBXContainerItemProxy;
			containerPortal = 84D0A5891F61170D00011027 /* Project object */;
			proxyType = 1;
			remoteGlobalIDString = 84D0A5901F61170D00011027;
			remoteInfo = "GCD(多线程练习)";
		};
		84D0A5B61F61170E00011027 /* PBXContainerItemProxy */ = {
			isa = PBXContainerItemProxy;
			containerPortal = 84D0A5891F61170D00011027 /* Project object */;
			proxyType = 1;
			remoteGlobalIDString = 84D0A5901F61170D00011027;
			remoteInfo = "GCD(多线程练习)";
		};
/* End PBXContainerItemProxy section */

/* Begin PBXFileReference section */
		84D0A5911F61170D00011027 /* GCD(多线程练习).app */ = {isa = PBXFileReference; explicitFileType = wrapper.application; includeInIndex = 0; path = "GCD(多线程练习).app"; sourceTree = BUILT_PRODUCTS_DIR; };
		84D0A5951F61170D00011027 /* main.m */ = {isa = PBXFileReference; lastKnownFileType = sourcecode.c.objc; path = main.m; sourceTree = "<group>"; };
		84D0A5971F61170D00011027 /* AppDelegate.h */ = {isa = PBXFileReference; lastKnownFileType = sourcecode.c.h; path = AppDelegate.h; sourceTree = "<group>"; };
		84D0A5981F61170D00011027 /* AppDelegate.m */ = {isa = PBXFileReference; lastKnownFileType = sourcecode.c.objc; path = AppDelegate.m; sourceTree = "<group>"; };
		84D0A59A1F61170D00011027 /* ViewController.h */ = {isa = PBXFileReference; lastKnownFileType = sourcecode.c.h; path = ViewController.h; sourceTree = "<group>"; };
		84D0A59B1F61170D00011027 /* ViewController.m */ = {isa = PBXFileReference; lastKnownFileType = sourcecode.c.objc; path = ViewController.m; sourceTree = "<group>"; };
		84D0A59E1F61170D00011027 /* Base */ = {isa = PBXFileReference; lastKnownFileType = file.storyboard; name = Base; path = Base.lproj/Main.storyboard; sourceTree = "<group>"; };
		84D0A5A01F61170D00011027 /* Assets.xcassets */ = {isa = PBXFileReference; lastKnownFileType = folder.assetcatalog; path = Assets.xcassets; sourceTree = "<group>"; };
		84D0A5A31F61170D00011027 /* Base */ = {isa = PBXFileReference; lastKnownFileType = file.storyboard; name = Base; path = Base.lproj/LaunchScreen.storyboard; sourceTree = "<group>"; };
		84D0A5A51F61170D00011027 /* Info.plist */ = {isa = PBXFileReference; lastKnownFileType = text.plist.xml; path = Info.plist; sourceTree = "<group>"; };
		84D0A5AA1F61170D00011027 /* GCD(多线程练习)Tests.xctest */ = {isa = PBXFileReference; explicitFileType = wrapper.cfbundle; includeInIndex = 0; path = "GCD(多线程练习)Tests.xctest"; sourceTree = BUILT_PRODUCTS_DIR; };
		84D0A5AE1F61170D00011027 /* GCD_______Tests.m */ = {isa = PBXFileReference; lastKnownFileType = sourcecode.c.objc; path = "GCD_______Tests.m"; sourceTree = "<group>"; };
		84D0A5B01F61170D00011027 /* Info.plist */ = {isa = PBXFileReference; lastKnownFileType = text.plist.xml; path = Info.plist; sourceTree = "<group>"; };
		84D0A5B51F61170E00011027 /* GCD(多线程练习)UITests.xctest */ = {isa = PBXFileReference; explicitFileType = wrapper.cfbundle; includeInIndex = 0; path = "GCD(多线程练习)UITests.xctest"; sourceTree = BUILT_PRODUCTS_DIR; };
		84D0A5B91F61170E00011027 /* GCD_______UITests.m */ = {isa = PBXFileReference; lastKnownFileType = sourcecode.c.objc; path = "GCD_______UITests.m"; sourceTree = "<group>"; };
		84D0A5BB1F61170E00011027 /* Info.plist */ = {isa = PBXFileReference; lastKnownFileType = text.plist.xml; path = Info.plist; sourceTree = "<group>"; };
/* End PBXFileReference section */

/* Begin PBXFrameworksBuildPhase section */
		84D0A58E1F61170D00011027 /* Frameworks */ = {
			isa = PBXFrameworksBuildPhase;
			buildActionMask = 2147483647;
			files = (
			);
			runOnlyForDeploymentPostprocessing = 0;
		};
		84D0A5A71F61170D00011027 /* Frameworks */ = {
			isa = PBXFrameworksBuildPhase;
			buildActionMask = 2147483647;
			files = (
			);
			runOnlyForDeploymentPostprocessing = 0;
		};
		84D0A5B21F61170E00011027 /* Frameworks */ = {
			isa = PBXFrameworksBuildPhase;
			buildActionMask = 2147483647;
			files = (
			);
			runOnlyForDeploymentPostprocessing = 0;
		};
/* End PBXFrameworksBuildPhase section */

/* Begin PBXGroup section */
		84D0A5881F61170D00011027 = {
			isa = PBXGroup;
			children = (
				84D0A5931F61170D00011027 /* GCD(多线程练习) */,
				84D0A5AD1F61170D00011027 /* GCD(多线程练习)Tests */,
				84D0A5B81F61170E00011027 /* GCD(多线程练习)UITests */,
				84D0A5921F61170D00011027 /* Products */,
			);
			sourceTree = "<group>";
		};
		84D0A5921F61170D00011027 /* Products */ = {
			isa = PBXGroup;
			children = (
				84D0A5911F61170D00011027 /* GCD(多线程练习).app */,
				84D0A5AA1F61170D00011027 /* GCD(多线程练习)Tests.xctest */,
				84D0A5B51F61170E00011027 /* GCD(多线程练习)UITests.xctest */,
			);
			name = Products;
			sourceTree = "<group>";
		};
		84D0A5931F61170D00011027 /* GCD(多线程练习) */ = {
			isa = PBXGroup;
			children = (
				84D0A5971F61170D00011027 /* AppDelegate.h */,
				84D0A5981F61170D00011027 /* AppDelegate.m */,
				84D0A59A1F61170D00011027 /* ViewController.h */,
				84D0A59B1F61170D00011027 /* ViewController.m */,
				84D0A59D1F61170D00011027 /* Main.storyboard */,
				84D0A5A01F61170D00011027 /* Assets.xcassets */,
				84D0A5A21F61170D00011027 /* LaunchScreen.storyboard */,
				84D0A5A51F61170D00011027 /* Info.plist */,
				84D0A5941F61170D00011027 /* Supporting Files */,
			);
			path = "GCD(多线程练习)";
			sourceTree = "<group>";
		};
		84D0A5941F61170D00011027 /* Supporting Files */ = {
			isa = PBXGroup;
			children = (
				84D0A5951F61170D00011027 /* main.m */,
			);
			name = "Supporting Files";
			sourceTree = "<group>";
		};
		84D0A5AD1F61170D00011027 /* GCD(多线程练习)Tests */ = {
			isa = PBXGroup;
			children = (
				84D0A5AE1F61170D00011027 /* GCD_______Tests.m */,
				84D0A5B01F61170D00011027 /* Info.plist */,
			);
			path = "GCD(多线程练习)Tests";
			sourceTree = "<group>";
		};
		84D0A5B81F61170E00011027 /* GCD(多线程练习)UITests */ = {
			isa = PBXGroup;
			children = (
				84D0A5B91F61170E00011027 /* GCD_______UITests.m */,
				84D0A5BB1F61170E00011027 /* Info.plist */,
			);
			path = "GCD(多线程练习)UITests";
			sourceTree = "<group>";
		};
/* End PBXGroup section */

/* Begin PBXNativeTarget section */
		84D0A5901F61170D00011027 /* GCD(多线程练习) */ = {
			isa = PBXNativeTarget;
			buildConfigurationList = 84D0A5BE1F61170E00011027 /* Build configuration list for PBXNativeTarget "GCD(多线程练习)" */;
			buildPhases = (
				84D0A58D1F61170D00011027 /* Sources */,
				84D0A58E1F61170D00011027 /* Frameworks */,
				84D0A58F1F61170D00011027 /* Resources */,
			);
			buildRules = (
			);
			dependencies = (
			);
			name = "GCD(多线程练习)";
			productName = "GCD(多线程练习)";
			productReference = 84D0A5911F61170D00011027 /* GCD(多线程练习).app */;
			productType = "com.apple.product-type.application";
		};
		84D0A5A91F61170D00011027 /* GCD(多线程练习)Tests */ = {
			isa = PBXNativeTarget;
			buildConfigurationList = 84D0A5C11F61170E00011027 /* Build configuration list for PBXNativeTarget "GCD(多线程练习)Tests" */;
			buildPhases = (
				84D0A5A61F61170D00011027 /* Sources */,
				84D0A5A71F61170D00011027 /* Frameworks */,
				84D0A5A81F61170D00011027 /* Resources */,
			);
			buildRules = (
			);
			dependencies = (
				84D0A5AC1F61170D00011027 /* PBXTargetDependency */,
			);
			name = "GCD(多线程练习)Tests";
			productName = "GCD(多线程练习)Tests";
			productReference = 84D0A5AA1F61170D00011027 /* GCD(多线程练习)Tests.xctest */;
			productType = "com.apple.product-type.bundle.unit-test";
		};
		84D0A5B41F61170E00011027 /* GCD(多线程练习)UITests */ = {
			isa = PBXNativeTarget;
			buildConfigurationList = 84D0A5C41F61170E00011027 /* Build configuration list for PBXNativeTarget "GCD(多线程练习)UITests" */;
			buildPhases = (
				84D0A5B11F61170E00011027 /* Sources */,
				84D0A5B21F61170E00011027 /* Frameworks */,
				84D0A5B31F61170E00011027 /* Resources */,
			);
			buildRules = (
			);
			dependencies = (
				84D0A5B71F61170E00011027 /* PBXTargetDependency */,
			);
			name = "GCD(多线程练习)UITests";
			productName = "GCD(多线程练习)UITests";
			productReference = 84D0A5B51F61170E00011027 /* GCD(多线程练习)UITests.xctest */;
			productType = "com.apple.product-type.bundle.ui-testing";
		};
/* End PBXNativeTarget section */

/* Begin PBXProject section */
		84D0A5891F61170D00011027 /* Project object */ = {
			isa = PBXProject;
			attributes = {
				LastUpgradeCheck = 0830;
				ORGANIZATIONNAME = fuxing;
				TargetAttributes = {
					84D0A5901F61170D00011027 = {
						CreatedOnToolsVersion = 8.3.3;
						DevelopmentTeam = ZK9A286AA6;
						ProvisioningStyle = Automatic;
					};
					84D0A5A91F61170D00011027 = {
						CreatedOnToolsVersion = 8.3.3;
						DevelopmentTeam = ZK9A286AA6;
						ProvisioningStyle = Automatic;
						TestTargetID = 84D0A5901F61170D00011027;
					};
					84D0A5B41F61170E00011027 = {
						CreatedOnToolsVersion = 8.3.3;
						DevelopmentTeam = ZK9A286AA6;
						ProvisioningStyle = Automatic;
						TestTargetID = 84D0A5901F61170D00011027;
					};
				};
			};
			buildConfigurationList = 84D0A58C1F61170D00011027 /* Build configuration list for PBXProject "GCD(多线程练习)" */;
			compatibilityVersion = "Xcode 3.2";
			developmentRegion = English;
			hasScannedForEncodings = 0;
			knownRegions = (
				en,
				Base,
			);
			mainGroup = 84D0A5881F61170D00011027;
			productRefGroup = 84D0A5921F61170D00011027 /* Products */;
			projectDirPath = "";
			projectRoot = "";
			targets = (
				84D0A5901F61170D00011027 /* GCD(多线程练习) */,
				84D0A5A91F61170D00011027 /* GCD(多线程练习)Tests */,
				84D0A5B41F61170E00011027 /* GCD(多线程练习)UITests */,
			);
		};
/* End PBXProject section */

/* Begin PBXResourcesBuildPhase section */
		84D0A58F1F61170D00011027 /* Resources */ = {
			isa = PBXResourcesBuildPhase;
			buildActionMask = 2147483647;
			files = (
				84D0A5A41F61170D00011027 /* LaunchScreen.storyboard in Resources */,
				84D0A5A11F61170D00011027 /* Assets.xcassets in Resources */,
				84D0A59F1F61170D00011027 /* Main.storyboard in Resources */,
			);
			runOnlyForDeploymentPostprocessing = 0;
		};
		84D0A5A81F61170D00011027 /* Resources */ = {
			isa = PBXResourcesBuildPhase;
			buildActionMask = 2147483647;
			files = (
			);
			runOnlyForDeploymentPostprocessing = 0;
		};
		84D0A5B31F61170E00011027 /* Resources */ = {
			isa = PBXResourcesBuildPhase;
			buildActionMask = 2147483647;
			files = (
			);
			runOnlyForDeploymentPostprocessing = 0;
		};
/* End PBXResourcesBuildPhase section */

/* Begin PBXSourcesBuildPhase section */
		84D0A58D1F61170D00011027 /* Sources */ = {
			isa = PBXSourcesBuildPhase;
			buildActionMask = 2147483647;
			files = (
				84D0A59C1F61170D00011027 /* ViewController.m in Sources */,
				84D0A5991F61170D00011027 /* AppDelegate.m in Sources */,
				84D0A5961F61170D00011027 /* main.m in Sources */,
			);
			runOnlyForDeploymentPostprocessing = 0;
		};
		84D0A5A61F61170D00011027 /* Sources */ = {
			isa = PBXSourcesBuildPhase;
			buildActionMask = 2147483647;
			files = (
				84D0A5AF1F61170D00011027 /* GCD_______Tests.m in Sources */,
			);
			runOnlyForDeploymentPostprocessing = 0;
		};
		84D0A5B11F61170E00011027 /* Sources */ = {
			isa = PBXSourcesBuildPhase;
			buildActionMask = 2147483647;
			files = (
				84D0A5BA1F61170E00011027 /* GCD_______UITests.m in Sources */,
			);
			runOnlyForDeploymentPostprocessing = 0;
		};
/* End PBXSourcesBuildPhase section */

/* Begin PBXTargetDependency section */
		84D0A5AC1F61170D00011027 /* PBXTargetDependency */ = {
			isa = PBXTargetDependency;
			target = 84D0A5901F61170D00011027 /* GCD(多线程练习) */;
			targetProxy = 84D0A5AB1F61170D00011027 /* PBXContainerItemProxy */;
		};
		84D0A5B71F61170E00011027 /* PBXTargetDependency */ = {
			isa = PBXTargetDependency;
			target = 84D0A5901F61170D00011027 /* GCD(多线程练习) */;
			targetProxy = 84D0A5B61F61170E00011027 /* PBXContainerItemProxy */;
		};
/* End PBXTargetDependency section */

/* Begin PBXVariantGroup section */
		84D0A59D1F61170D00011027 /* Main.storyboard */ = {
			isa = PBXVariantGroup;
			children = (
				84D0A59E1F61170D00011027 /* Base */,
			);
			name = Main.storyboard;
			sourceTree = "<group>";
		};
		84D0A5A21F61170D00011027 /* LaunchScreen.storyboard */ = {
			isa = PBXVariantGroup;
			children = (
				84D0A5A31F61170D00011027 /* Base */,
			);
			name = LaunchScreen.storyboard;
			sourceTree = "<group>";
		};
/* End PBXVariantGroup section */

/* Begin XCBuildConfiguration section */
		84D0A5BC1F61170E00011027 /* Debug */ = {
			isa = XCBuildConfiguration;
			buildSettings = {
				ALWAYS_SEARCH_USER_PATHS = NO;
				CLANG_ANALYZER_NONNULL = YES;
				CLANG_ANALYZER_NUMBER_OBJECT_CONVERSION = YES_AGGRESSIVE;
				CLANG_CXX_LANGUAGE_STANDARD = "gnu++0x";
				CLANG_CXX_LIBRARY = "libc++";
				CLANG_ENABLE_MODULES = YES;
				CLANG_ENABLE_OBJC_ARC = YES;
				CLANG_WARN_BOOL_CONVERSION = YES;
				CLANG_WARN_CONSTANT_CONVERSION = YES;
				CLANG_WARN_DIRECT_OBJC_ISA_USAGE = YES_ERROR;
				CLANG_WARN_DOCUMENTATION_COMMENTS = YES;
				CLANG_WARN_EMPTY_BODY = YES;
				CLANG_WARN_ENUM_CONVERSION = YES;
				CLANG_WARN_INFINITE_RECURSION = YES;
				CLANG_WARN_INT_CONVERSION = YES;
				CLANG_WARN_OBJC_ROOT_CLASS = YES_ERROR;
				CLANG_WARN_SUSPICIOUS_MOVE = YES;
				CLANG_WARN_UNREACHABLE_CODE = YES;
				CLANG_WARN__DUPLICATE_METHOD_MATCH = YES;
				"CODE_SIGN_IDENTITY[sdk=iphoneos*]" = "iPhone Developer";
				COPY_PHASE_STRIP = NO;
				DEBUG_INFORMATION_FORMAT = dwarf;
				ENABLE_STRICT_OBJC_MSGSEND = YES;
				ENABLE_TESTABILITY = YES;
				GCC_C_LANGUAGE_STANDARD = gnu99;
				GCC_DYNAMIC_NO_PIC = NO;
				GCC_NO_COMMON_BLOCKS = YES;
				GCC_OPTIMIZATION_LEVEL = 0;
				GCC_PREPROCESSOR_DEFINITIONS = (
					"DEBUG=1",
					"$(inherited)",
				);
				GCC_WARN_64_TO_32_BIT_CONVERSION = YES;
				GCC_WARN_ABOUT_RETURN_TYPE = YES_ERROR;
				GCC_WARN_UNDECLARED_SELECTOR = YES;
				GCC_WARN_UNINITIALIZED_AUTOS = YES_AGGRESSIVE;
				GCC_WARN_UNUSED_FUNCTION = YES;
				GCC_WARN_UNUSED_VARIABLE = YES;
				IPHONEOS_DEPLOYMENT_TARGET = 10.3;
				MTL_ENABLE_DEBUG_INFO = YES;
				ONLY_ACTIVE_ARCH = YES;
				SDKROOT = iphoneos;
				TARGETED_DEVICE_FAMILY = "1,2";
			};
			name = Debug;
		};
		84D0A5BD1F61170E00011027 /* Release */ = {
			isa = XCBuildConfiguration;
			buildSettings = {
				ALWAYS_SEARCH_USER_PATHS = NO;
				CLANG_ANALYZER_NONNULL = YES;
				CLANG_ANALYZER_NUMBER_OBJECT_CONVERSION = YES_AGGRESSIVE;
				CLANG_CXX_LANGUAGE_STANDARD = "gnu++0x";
				CLANG_CXX_LIBRARY = "libc++";
				CLANG_ENABLE_MODULES = YES;
				CLANG_ENABLE_OBJC_ARC = YES;
				CLANG_WARN_BOOL_CONVERSION = YES;
				CLANG_WARN_CONSTANT_CONVERSION = YES;
				CLANG_WARN_DIRECT_OBJC_ISA_USAGE = YES_ERROR;
				CLANG_WARN_DOCUMENTATION_COMMENTS = YES;
				CLANG_WARN_EMPTY_BODY = YES;
				CLANG_WARN_ENUM_CONVERSION = YES;
				CLANG_WARN_INFINITE_RECURSION = YES;
				CLANG_WARN_INT_CONVERSION = YES;
				CLANG_WARN_OBJC_ROOT_CLASS = YES_ERROR;
				CLANG_WARN_SUSPICIOUS_MOVE = YES;
				CLANG_WARN_UNREACHABLE_CODE = YES;
				CLANG_WARN__DUPLICATE_METHOD_MATCH = YES;
				"CODE_SIGN_IDENTITY[sdk=iphoneos*]" = "iPhone Developer";
				COPY_PHASE_STRIP = NO;
				DEBUG_INFORMATION_FORMAT = "dwarf-with-dsym";
				ENABLE_NS_ASSERTIONS = NO;
				ENABLE_STRICT_OBJC_MSGSEND = YES;
				GCC_C_LANGUAGE_STANDARD = gnu99;
				GCC_NO_COMMON_BLOCKS = YES;
				GCC_WARN_64_TO_32_BIT_CONVERSION = YES;
				GCC_WARN_ABOUT_RETURN_TYPE = YES_ERROR;
				GCC_WARN_UNDECLARED_SELECTOR = YES;
				GCC_WARN_UNINITIALIZED_AUTOS = YES_AGGRESSIVE;
				GCC_WARN_UNUSED_FUNCTION = YES;
				GCC_WARN_UNUSED_VARIABLE = YES;
				IPHONEOS_DEPLOYMENT_TARGET = 10.3;
				MTL_ENABLE_DEBUG_INFO = NO;
				SDKROOT = iphoneos;
				TARGETED_DEVICE_FAMILY = "1,2";
				VALIDATE_PRODUCT = YES;
			};
			name = Release;
		};
		84D0A5BF1F61170E00011027 /* Debug */ = {
			isa = XCBuildConfiguration;
			buildSettings = {
				ASSETCATALOG_COMPILER_APPICON_NAME = AppIcon;
				DEVELOPMENT_TEAM = ZK9A286AA6;
				INFOPLIST_FILE = "GCD(多线程练习)/Info.plist";
				LD_RUNPATH_SEARCH_PATHS = "$(inherited) @executable_path/Frameworks";
				PRODUCT_BUNDLE_IDENTIFIER = "fuxing.GCD-------";
				PRODUCT_NAME = "$(TARGET_NAME)";
			};
			name = Debug;
		};
		84D0A5C01F61170E00011027 /* Release */ = {
			isa = XCBuildConfiguration;
			buildSettings = {
				ASSETCATALOG_COMPILER_APPICON_NAME = AppIcon;
				DEVELOPMENT_TEAM = ZK9A286AA6;
				INFOPLIST_FILE = "GCD(多线程练习)/Info.plist";
				LD_RUNPATH_SEARCH_PATHS = "$(inherited) @executable_path/Frameworks";
				PRODUCT_BUNDLE_IDENTIFIER = "fuxing.GCD-------";
				PRODUCT_NAME = "$(TARGET_NAME)";
			};
			name = Release;
		};
		84D0A5C21F61170E00011027 /* Debug */ = {
			isa = XCBuildConfiguration;
			buildSettings = {
				BUNDLE_LOADER = "$(TEST_HOST)";
				DEVELOPMENT_TEAM = ZK9A286AA6;
				INFOPLIST_FILE = "GCD(多线程练习)Tests/Info.plist";
				LD_RUNPATH_SEARCH_PATHS = "$(inherited) @executable_path/Frameworks @loader_path/Frameworks";
				PRODUCT_BUNDLE_IDENTIFIER = "fuxing.GCD-------Tests";
				PRODUCT_NAME = "$(TARGET_NAME)";
				TEST_HOST = "$(BUILT_PRODUCTS_DIR)/GCD(多线程练习).app/GCD(多线程练习)";
			};
			name = Debug;
		};
		84D0A5C31F61170E00011027 /* Release */ = {
			isa = XCBuildConfiguration;
			buildSettings = {
				BUNDLE_LOADER = "$(TEST_HOST)";
				DEVELOPMENT_TEAM = ZK9A286AA6;
				INFOPLIST_FILE = "GCD(多线程练习)Tests/Info.plist";
				LD_RUNPATH_SEARCH_PATHS = "$(inherited) @executable_path/Frameworks @loader_path/Frameworks";
				PRODUCT_BUNDLE_IDENTIFIER = "fuxing.GCD-------Tests";
				PRODUCT_NAME = "$(TARGET_NAME)";
				TEST_HOST = "$(BUILT_PRODUCTS_DIR)/GCD(多线程练习).app/GCD(多线程练习)";
			};
			name = Release;
		};
		84D0A5C51F61170E00011027 /* Debug */ = {
			isa = XCBuildConfiguration;
			buildSettings = {
				DEVELOPMENT_TEAM = ZK9A286AA6;
				INFOPLIST_FILE = "GCD(多线程练习)UITests/Info.plist";
				LD_RUNPATH_SEARCH_PATHS = "$(inherited) @executable_path/Frameworks @loader_path/Frameworks";
				PRODUCT_BUNDLE_IDENTIFIER = "fuxing.GCD-------UITests";
				PRODUCT_NAME = "$(TARGET_NAME)";
				TEST_TARGET_NAME = "GCD(多线程练习)";
			};
			name = Debug;
		};
		84D0A5C61F61170E00011027 /* Release */ = {
			isa = XCBuildConfiguration;
			buildSettings = {
				DEVELOPMENT_TEAM = ZK9A286AA6;
				INFOPLIST_FILE = "GCD(多线程练习)UITests/Info.plist";
				LD_RUNPATH_SEARCH_PATHS = "$(inherited) @executable_path/Frameworks @loader_path/Frameworks";
				PRODUCT_BUNDLE_IDENTIFIER = "fuxing.GCD-------UITests";
				PRODUCT_NAME = "$(TARGET_NAME)";
				TEST_TARGET_NAME = "GCD(多线程练习)";
			};
			name = Release;
		};
/* End XCBuildConfiguration section */

/* Begin XCConfigurationList section */
		84D0A58C1F61170D00011027 /* Build configuration list for PBXProject "GCD(多线程练习)" */ = {
			isa = XCConfigurationList;
			buildConfigurations = (
				84D0A5BC1F61170E00011027 /* Debug */,
				84D0A5BD1F61170E00011027 /* Release */,
			);
			defaultConfigurationIsVisible = 0;
			defaultConfigurationName = Release;
		};
		84D0A5BE1F61170E00011027 /* Build configuration list for PBXNativeTarget "GCD(多线程练习)" */ = {
			isa = XCConfigurationList;
			buildConfigurations = (
				84D0A5BF1F61170E00011027 /* Debug */,
				84D0A5C01F61170E00011027 /* Release */,
			);
			defaultConfigurationIsVisible = 0;
		};
		84D0A5C11F61170E00011027 /* Build configuration list for PBXNativeTarget "GCD(多线程练习)Tests" */ = {
			isa = XCConfigurationList;
			buildConfigurations = (
				84D0A5C21F61170E00011027 /* Debug */,
				84D0A5C31F61170E00011027 /* Release */,
			);
			defaultConfigurationIsVisible = 0;
		};
		84D0A5C41F61170E00011027 /* Build configuration list for PBXNativeTarget "GCD(多线程练习)UITests" */ = {
			isa = XCConfigurationList;
			buildConfigurations = (
				84D0A5C51F61170E00011027 /* Debug */,
				84D0A5C61F61170E00011027 /* Release */,
			);
			defaultConfigurationIsVisible = 0;
		};
/* End XCConfigurationList section */
	};
	rootObject = 84D0A5891F61170D00011027 /* Project object */;
}
